
Microsoft Visual Studio Solution File, Format Version 12.00
# Visual Studio 15
Project("{FAE04EC0-301F-11D3-BF4B-00C04F79EFBC}") = "Assembly-CSharp", "Assembly-CSharp.csproj", "{F7E44B2A-C0DF-17D0-0914-D28865EBAF36}"
EndProject
Project("{FAE04EC0-301F-11D3-BF4B-00C04F79EFBC}") = "Assembly-CSharp-firstpass", "Assembly-CSharp-firstpass.csproj", "{ED20853A-0C09-FAAE-EDEE-CBE14C180679}"
EndProject
Project("{FAE04EC0-301F-11D3-BF4B-00C04F79EFBC}") = "Assembly-CSharp-Editor-firstpass", "Assembly-CSharp-Editor-firstpass.csproj", "{00F3F5CD-7A24-250C-38CD-13D9C2063ED9}"
EndProject
Project("{FAE04EC0-301F-11D3-BF4B-00C04F79EFBC}") = "Assembly-CSharp-Editor", "Assembly-CSharp-Editor.csproj", "{0ABED343-211A-1348-7AA9-C4C8326BA1EA}"
EndProject
Global
	GlobalSection(SolutionConfigurationPlatforms) = preSolution
		Debug|Any CPU = Debug|Any CPU
		Release|Any CPU = Release|Any CPU
	EndGlobalSection
	GlobalSection(ProjectConfigurationPlatforms) = postSolution
		{F7E44B2A-C0DF-17D0-0914-D28865EBAF36}.Debug|Any CPU.ActiveCfg = Debug|Any CPU
		{F7E44B2A-C0DF-17D0-0914-D28865EBAF36}.Debug|Any CPU.Build.0 = Debug|Any CPU
		{F7E44B2A-C0DF-17D0-0914-D28865EBAF36}.Release|Any CPU.ActiveCfg = Release|Any CPU
		{F7E44B2A-C0DF-17D0-0914-D28865EBAF36}.Release|Any CPU.Build.0 = Release|Any CPU
		{ED20853A-0C09-FAAE-EDEE-CBE14C180679}.Debug|Any CPU.ActiveCfg = Debug|Any CPU
		{ED20853A-0C09-FAAE-EDEE-CBE14C180679}.Debug|Any CPU.Build.0 = Debug|Any CPU
		{ED20853A-0C09-FAAE-EDEE-CBE14C180679}.Release|Any CPU.ActiveCfg = Release|Any CPU
		{ED20853A-0C09-FAAE-EDEE-CBE14C180679}.Release|Any CPU.Build.0 = Release|Any CPU
		{00F3F5CD-7A24-250C-38CD-13D9C2063ED9}.Debug|Any CPU.ActiveCfg = Debug|Any CPU
		{00F3F5CD-7A24-250C-38CD-13D9C2063ED9}.Debug|Any CPU.Build.0 = Debug|Any CPU
		{00F3F5CD-7A24-250C-38CD-13D9C2063ED9}.Release|Any CPU.ActiveCfg = Release|Any CPU
		{00F3F5CD-7A24-250C-38CD-13D9C2063ED9}.Release|Any CPU.Build.0 = Release|Any CPU
		{0ABED343-211A-1348-7AA9-C4C8326BA1EA}.Debug|Any CPU.ActiveCfg = Debug|Any CPU
		{0ABED343-211A-1348-7AA9-C4C8326BA1EA}.Debug|Any CPU.Build.0 = Debug|Any CPU
		{0ABED343-211A-1348-7AA9-C4C8326BA1EA}.Release|Any CPU.ActiveCfg = Release|Any CPU
		{0ABED343-211A-1348-7AA9-C4C8326BA1EA}.Release|Any CPU.Build.0 = Release|Any CPU
	EndGlobalSection
	GlobalSection(SolutionProperties) = preSolution
		HideSolutionNode = FALSE
	EndGlobalSection
EndGlobal
