
Microsoft Visual Studio Solution File, Format Version 11.00
# Visual Studio 2010
Project("{FAE04EC0-301F-11D3-BF4B-00C04F79EFBC}") = "Assembly-CSharp", "Assembly-CSharp.csproj", "{280E0345-DD14-832D-235D-8EEAFE899EDE}"
EndProject
Project("{FAE04EC0-301F-11D3-BF4B-00C04F79EFBC}") = "Assembly-CSharp-firstpass", "Assembly-CSharp-firstpass.csproj", "{1DDBD557-6D4E-9211-F32B-E790DFC23545}"
EndProject
Project("{FAE04EC0-301F-11D3-BF4B-00C04F79EFBC}") = "NavMeshComponents", "NavMeshComponents.csproj", "{6B77C608-E888-39DD-4FE2-E44A1186974E}"
EndProject
Project("{FAE04EC0-301F-11D3-BF4B-00C04F79EFBC}") = "Assembly-CSharp-Editor-firstpass", "Assembly-CSharp-Editor-firstpass.csproj", "{BDA09BD0-DA90-594B-6662-68A5DD243AF3}"
EndProject
Project("{FAE04EC0-301F-11D3-BF4B-00C04F79EFBC}") = "NavMeshComponentsEditor", "NavMeshComponentsEditor.csproj", "{F8FC1A12-CF87-7CC5-EEB4-36F648E4006D}"
EndProject
Project("{FAE04EC0-301F-11D3-BF4B-00C04F79EFBC}") = "Assembly-CSharp-Editor", "Assembly-CSharp-Editor.csproj", "{340B4297-5778-4D6E-1B1C-B77A2672CC10}"
EndProject
Global
	GlobalSection(SolutionConfigurationPlatforms) = preSolution
		Debug|Any CPU = Debug|Any CPU
		Release|Any CPU = Release|Any CPU
	EndGlobalSection
	GlobalSection(ProjectConfigurationPlatforms) = postSolution
		{280E0345-DD14-832D-235D-8EEAFE899EDE}.Debug|Any CPU.ActiveCfg = Debug|Any CPU
		{280E0345-DD14-832D-235D-8EEAFE899EDE}.Debug|Any CPU.Build.0 = Debug|Any CPU
		{280E0345-DD14-832D-235D-8EEAFE899EDE}.Release|Any CPU.ActiveCfg = Release|Any CPU
		{280E0345-DD14-832D-235D-8EEAFE899EDE}.Release|Any CPU.Build.0 = Release|Any CPU
		{1DDBD557-6D4E-9211-F32B-E790DFC23545}.Debug|Any CPU.ActiveCfg = Debug|Any CPU
		{1DDBD557-6D4E-9211-F32B-E790DFC23545}.Debug|Any CPU.Build.0 = Debug|Any CPU
		{1DDBD557-6D4E-9211-F32B-E790DFC23545}.Release|Any CPU.ActiveCfg = Release|Any CPU
		{1DDBD557-6D4E-9211-F32B-E790DFC23545}.Release|Any CPU.Build.0 = Release|Any CPU
		{6B77C608-E888-39DD-4FE2-E44A1186974E}.Debug|Any CPU.ActiveCfg = Debug|Any CPU
		{6B77C608-E888-39DD-4FE2-E44A1186974E}.Debug|Any CPU.Build.0 = Debug|Any CPU
		{6B77C608-E888-39DD-4FE2-E44A1186974E}.Release|Any CPU.ActiveCfg = Release|Any CPU
		{6B77C608-E888-39DD-4FE2-E44A1186974E}.Release|Any CPU.Build.0 = Release|Any CPU
		{BDA09BD0-DA90-594B-6662-68A5DD243AF3}.Debug|Any CPU.ActiveCfg = Debug|Any CPU
		{BDA09BD0-DA90-594B-6662-68A5DD243AF3}.Debug|Any CPU.Build.0 = Debug|Any CPU
		{BDA09BD0-DA90-594B-6662-68A5DD243AF3}.Release|Any CPU.ActiveCfg = Release|Any CPU
		{BDA09BD0-DA90-594B-6662-68A5DD243AF3}.Release|Any CPU.Build.0 = Release|Any CPU
		{F8FC1A12-CF87-7CC5-EEB4-36F648E4006D}.Debug|Any CPU.ActiveCfg = Debug|Any CPU
		{F8FC1A12-CF87-7CC5-EEB4-36F648E4006D}.Debug|Any CPU.Build.0 = Debug|Any CPU
		{F8FC1A12-CF87-7CC5-EEB4-36F648E4006D}.Release|Any CPU.ActiveCfg = Release|Any CPU
		{F8FC1A12-CF87-7CC5-EEB4-36F648E4006D}.Release|Any CPU.Build.0 = Release|Any CPU
		{340B4297-5778-4D6E-1B1C-B77A2672CC10}.Debug|Any CPU.ActiveCfg = Debug|Any CPU
		{340B4297-5778-4D6E-1B1C-B77A2672CC10}.Debug|Any CPU.Build.0 = Debug|Any CPU
		{340B4297-5778-4D6E-1B1C-B77A2672CC10}.Release|Any CPU.ActiveCfg = Release|Any CPU
		{340B4297-5778-4D6E-1B1C-B77A2672CC10}.Release|Any CPU.Build.0 = Release|Any CPU
	EndGlobalSection
	GlobalSection(SolutionProperties) = preSolution
		HideSolutionNode = FALSE
	EndGlobalSection
	GlobalSection(MonoDevelopProperties) = preSolution
		StartupItem = Assembly-CSharp.csproj
	EndGlobalSection
EndGlobal
